// !$*UTF8*$!
{
	archiveVersion = 1;
	classes = {
	};
	objectVersion = 50;
	objects = {

/* Begin PBXBuildFile section */
		82749D0C21F0C0CB003BDD8A /* AppDelegate.swift in Sources */ = {isa = PBXBuildFile; fileRef = 82749D0B21F0C0CB003BDD8A /* AppDelegate.swift */; };
		82749D0E21F0C0CB003BDD8A /* ViewController.swift in Sources */ = {isa = PBXBuildFile; fileRef = 82749D0D21F0C0CB003BDD8A /* ViewController.swift */; };
		82749D1121F0C0CB003BDD8A /* Main.storyboard in Resources */ = {isa = PBXBuildFile; fileRef = 82749D0F21F0C0CB003BDD8A /* Main.storyboard */; };
		82749D1321F0C0CC003BDD8A /* Assets.xcassets in Resources */ = {isa = PBXBuildFile; fileRef = 82749D1221F0C0CC003BDD8A /* Assets.xcassets */; };
		82749D1621F0C0CC003BDD8A /* LaunchScreen.storyboard in Resources */ = {isa = PBXBuildFile; fileRef = 82749D1421F0C0CC003BDD8A /* LaunchScreen.storyboard */; };
		82749D2121F0C0CC003BDD8A /* PodTestTests.swift in Sources */ = {isa = PBXBuildFile; fileRef = 82749D2021F0C0CC003BDD8A /* PodTestTests.swift */; };
		82749D2C21F0C0CC003BDD8A /* PodTestUITests.swift in Sources */ = {isa = PBXBuildFile; fileRef = 82749D2B21F0C0CC003BDD8A /* PodTestUITests.swift */; };
/* End PBXBuildFile section */

/* Begin PBXContainerItemProxy section */
		82749D1D21F0C0CC003BDD8A /* PBXContainerItemProxy */ = {
			isa = PBXContainerItemProxy;
			containerPortal = 82749D0021F0C0CB003BDD8A /* Project object */;
			proxyType = 1;
			remoteGlobalIDString = 82749D0721F0C0CB003BDD8A;
			remoteInfo = PodTest;
		};
		82749D2821F0C0CC003BDD8A /* PBXContainerItemProxy */ = {
			isa = PBXContainerItemProxy;
			containerPortal = 82749D0021F0C0CB003BDD8A /* Project object */;
			proxyType = 1;
			remoteGlobalIDString = 82749D0721F0C0CB003BDD8A;
			remoteInfo = PodTest;
		};
/* End PBXContainerItemProxy section */

/* Begin PBXFileReference section */
		82749D0821F0C0CB003BDD8A /* PodTest.app */ = {isa = PBXFileReference; explicitFileType = wrapper.application; includeInIndex = 0; path = PodTest.app; sourceTree = BUILT_PRODUCTS_DIR; };
		82749D0B21F0C0CB003BDD8A /* AppDelegate.swift */ = {isa = PBXFileReference; lastKnownFileType = sourcecode.swift; path = AppDelegate.swift; sourceTree = "<group>"; };
		82749D0D21F0C0CB003BDD8A /* ViewController.swift */ = {isa = PBXFileReference; lastKnownFileType = sourcecode.swift; path = ViewController.swift; sourceTree = "<group>"; };
		82749D1021F0C0CB003BDD8A /* Base */ = {isa = PBXFileReference; lastKnownFileType = file.storyboard; name = Base; path = Base.lproj/Main.storyboard; sourceTree = "<group>"; };
		82749D1221F0C0CC003BDD8A /* Assets.xcassets */ = {isa = PBXFileReference; lastKnownFileType = folder.assetcatalog; path = Assets.xcassets; sourceTree = "<group>"; };
		82749D1521F0C0CC003BDD8A /* Base */ = {isa = PBXFileReference; lastKnownFileType = file.storyboard; name = Base; path = Base.lproj/LaunchScreen.storyboard; sourceTree = "<group>"; };
		82749D1721F0C0CC003BDD8A /* Info.plist */ = {isa = PBXFileReference; lastKnownFileType = text.plist.xml; path = Info.plist; sourceTree = "<group>"; };
		82749D1C21F0C0CC003BDD8A /* PodTestTests.xctest */ = {isa = PBXFileReference; explicitFileType = wrapper.cfbundle; includeInIndex = 0; path = PodTestTests.xctest; sourceTree = BUILT_PRODUCTS_DIR; };
		82749D2021F0C0CC003BDD8A /* PodTestTests.swift */ = {isa = PBXFileReference; lastKnownFileType = sourcecode.swift; path = PodTestTests.swift; sourceTree = "<group>"; };
		82749D2221F0C0CC003BDD8A /* Info.plist */ = {isa = PBXFileReference; lastKnownFileType = text.plist.xml; path = Info.plist; sourceTree = "<group>"; };
		82749D2721F0C0CC003BDD8A /* PodTestUITests.xctest */ = {isa = PBXFileReference; explicitFileType = wrapper.cfbundle; includeInIndex = 0; path = PodTestUITests.xctest; sourceTree = BUILT_PRODUCTS_DIR; };
		82749D2B21F0C0CC003BDD8A /* PodTestUITests.swift */ = {isa = PBXFileReference; lastKnownFileType = sourcecode.swift; path = PodTestUITests.swift; sourceTree = "<group>"; };
		82749D2D21F0C0CC003BDD8A /* Info.plist */ = {isa = PBXFileReference; lastKnownFileType = text.plist.xml; path = Info.plist; sourceTree = "<group>"; };
/* End PBXFileReference section */

/* Begin PBXFrameworksBuildPhase section */
		82749D0521F0C0CB003BDD8A /* Frameworks */ = {
			isa = PBXFrameworksBuildPhase;
			buildActionMask = 2147483647;
			files = (
			);
			runOnlyForDeploymentPostprocessing = 0;
		};
		82749D1921F0C0CC003BDD8A /* Frameworks */ = {
			isa = PBXFrameworksBuildPhase;
			buildActionMask = 2147483647;
			files = (
			);
			runOnlyForDeploymentPostprocessing = 0;
		};
		82749D2421F0C0CC003BDD8A /* Frameworks */ = {
			isa = PBXFrameworksBuildPhase;
			buildActionMask = 2147483647;
			files = (
			);
			runOnlyForDeploymentPostprocessing = 0;
		};
/* End PBXFrameworksBuildPhase section */

/* Begin PBXGroup section */
		82749CFF21F0C0CB003BDD8A = {
			isa = PBXGroup;
			children = (
				82749D0A21F0C0CB003BDD8A /* PodTest */,
				82749D1F21F0C0CC003BDD8A /* PodTestTests */,
				82749D2A21F0C0CC003BDD8A /* PodTestUITests */,
				82749D0921F0C0CB003BDD8A /* Products */,
			);
			sourceTree = "<group>";
		};
		82749D0921F0C0CB003BDD8A /* Products */ = {
			isa = PBXGroup;
			children = (
				82749D0821F0C0CB003BDD8A /* PodTest.app */,
				82749D1C21F0C0CC003BDD8A /* PodTestTests.xctest */,
				82749D2721F0C0CC003BDD8A /* PodTestUITests.xctest */,
			);
			name = Products;
			sourceTree = "<group>";
		};
		82749D0A21F0C0CB003BDD8A /* PodTest */ = {
			isa = PBXGroup;
			children = (
				82749D0B21F0C0CB003BDD8A /* AppDelegate.swift */,
				82749D0D21F0C0CB003BDD8A /* ViewController.swift */,
				82749D0F21F0C0CB003BDD8A /* Main.storyboard */,
				82749D1221F0C0CC003BDD8A /* Assets.xcassets */,
				82749D1421F0C0CC003BDD8A /* LaunchScreen.storyboard */,
				82749D1721F0C0CC003BDD8A /* Info.plist */,
			);
			path = PodTest;
			sourceTree = "<group>";
		};
		82749D1F21F0C0CC003BDD8A /* PodTestTests */ = {
			isa = PBXGroup;
			children = (
				82749D2021F0C0CC003BDD8A /* PodTestTests.swift */,
				82749D2221F0C0CC003BDD8A /* Info.plist */,
			);
			path = PodTestTests;
			sourceTree = "<group>";
		};
		82749D2A21F0C0CC003BDD8A /* PodTestUITests */ = {
			isa = PBXGroup;
			children = (
				82749D2B21F0C0CC003BDD8A /* PodTestUITests.swift */,
				82749D2D21F0C0CC003BDD8A /* Info.plist */,
			);
			path = PodTestUITests;
			sourceTree = "<group>";
		};
/* End PBXGroup section */

/* Begin PBXNativeTarget section */
		82749D0721F0C0CB003BDD8A /* PodTest */ = {
			isa = PBXNativeTarget;
			buildConfigurationList = 82749D3021F0C0CC003BDD8A /* Build configuration list for PBXNativeTarget "PodTest" */;
			buildPhases = (
				82749D0421F0C0CB003BDD8A /* Sources */,
				82749D0521F0C0CB003BDD8A /* Frameworks */,
				82749D0621F0C0CB003BDD8A /* Resources */,
			);
			buildRules = (
			);
			dependencies = (
			);
			name = PodTest;
			productName = PodTest;
			productReference = 82749D0821F0C0CB003BDD8A /* PodTest.app */;
			productType = "com.apple.product-type.application";
		};
		82749D1B21F0C0CC003BDD8A /* PodTestTests */ = {
			isa = PBXNativeTarget;
			buildConfigurationList = 82749D3321F0C0CC003BDD8A /* Build configuration list for PBXNativeTarget "PodTestTests" */;
			buildPhases = (
				82749D1821F0C0CC003BDD8A /* Sources */,
				82749D1921F0C0CC003BDD8A /* Frameworks */,
				82749D1A21F0C0CC003BDD8A /* Resources */,
			);
			buildRules = (
			);
			dependencies = (
				82749D1E21F0C0CC003BDD8A /* PBXTargetDependency */,
			);
			name = PodTestTests;
			productName = PodTestTests;
			productReference = 82749D1C21F0C0CC003BDD8A /* PodTestTests.xctest */;
			productType = "com.apple.product-type.bundle.unit-test";
		};
		82749D2621F0C0CC003BDD8A /* PodTestUITests */ = {
			isa = PBXNativeTarget;
			buildConfigurationList = 82749D3621F0C0CC003BDD8A /* Build configuration list for PBXNativeTarget "PodTestUITests" */;
			buildPhases = (
				82749D2321F0C0CC003BDD8A /* Sources */,
				82749D2421F0C0CC003BDD8A /* Frameworks */,
				82749D2521F0C0CC003BDD8A /* Resources */,
			);
			buildRules = (
			);
			dependencies = (
				82749D2921F0C0CC003BDD8A /* PBXTargetDependency */,
			);
			name = PodTestUITests;
			productName = PodTestUITests;
			productReference = 82749D2721F0C0CC003BDD8A /* PodTestUITests.xctest */;
			productType = "com.apple.product-type.bundle.ui-testing";
		};
/* End PBXNativeTarget section */

/* Begin PBXProject section */
		82749D0021F0C0CB003BDD8A /* Project object */ = {
			isa = PBXProject;
			attributes = {
				LastSwiftUpdateCheck = 1010;
				LastUpgradeCheck = 1010;
				ORGANIZATIONNAME = "Johnny Sundblom";
				TargetAttributes = {
					82749D0721F0C0CB003BDD8A = {
						CreatedOnToolsVersion = 10.1;
					};
					82749D1B21F0C0CC003BDD8A = {
						CreatedOnToolsVersion = 10.1;
						TestTargetID = 82749D0721F0C0CB003BDD8A;
					};
					82749D2621F0C0CC003BDD8A = {
						CreatedOnToolsVersion = 10.1;
						TestTargetID = 82749D0721F0C0CB003BDD8A;
					};
				};
			};
			buildConfigurationList = 82749D0321F0C0CB003BDD8A /* Build configuration list for PBXProject "PodTest" */;
			compatibilityVersion = "Xcode 9.3";
			developmentRegion = en;
			hasScannedForEncodings = 0;
			knownRegions = (
				en,
				Base,
			);
			mainGroup = 82749CFF21F0C0CB003BDD8A;
			productRefGroup = 82749D0921F0C0CB003BDD8A /* Products */;
			projectDirPath = "";
			projectRoot = "";
			targets = (
				82749D0721F0C0CB003BDD8A /* PodTest */,
				82749D1B21F0C0CC003BDD8A /* PodTestTests */,
				82749D2621F0C0CC003BDD8A /* PodTestUITests */,
			);
		};
/* End PBXProject section */

/* Begin PBXResourcesBuildPhase section */
		82749D0621F0C0CB003BDD8A /* Resources */ = {
			isa = PBXResourcesBuildPhase;
			buildActionMask = 2147483647;
			files = (
				82749D1621F0C0CC003BDD8A /* LaunchScreen.storyboard in Resources */,
				82749D1321F0C0CC003BDD8A /* Assets.xcassets in Resources */,
				82749D1121F0C0CB003BDD8A /* Main.storyboard in Resources */,
			);
			runOnlyForDeploymentPostprocessing = 0;
		};
		82749D1A21F0C0CC003BDD8A /* Resources */ = {
			isa = PBXResourcesBuildPhase;
			buildActionMask = 2147483647;
			files = (
			);
			runOnlyForDeploymentPostprocessing = 0;
		};
		82749D2521F0C0CC003BDD8A /* Resources */ = {
			isa = PBXResourcesBuildPhase;
			buildActionMask = 2147483647;
			files = (
			);
			runOnlyForDeploymentPostprocessing = 0;
		};
/* End PBXResourcesBuildPhase section */

/* Begin PBXSourcesBuildPhase section */
		82749D0421F0C0CB003BDD8A /* Sources */ = {
			isa = PBXSourcesBuildPhase;
			buildActionMask = 2147483647;
			files = (
				82749D0E21F0C0CB003BDD8A /* ViewController.swift in Sources */,
				82749D0C21F0C0CB003BDD8A /* AppDelegate.swift in Sources */,
			);
			runOnlyForDeploymentPostprocessing = 0;
		};
		82749D1821F0C0CC003BDD8A /* Sources */ = {
			isa = PBXSourcesBuildPhase;
			buildActionMask = 2147483647;
			files = (
				82749D2121F0C0CC003BDD8A /* PodTestTests.swift in Sources */,
			);
			runOnlyForDeploymentPostprocessing = 0;
		};
		82749D2321F0C0CC003BDD8A /* Sources */ = {
			isa = PBXSourcesBuildPhase;
			buildActionMask = 2147483647;
			files = (
				82749D2C21F0C0CC003BDD8A /* PodTestUITests.swift in Sources */,
			);
			runOnlyForDeploymentPostprocessing = 0;
		};
/* End PBXSourcesBuildPhase section */

/* Begin PBXTargetDependency section */
		82749D1E21F0C0CC003BDD8A /* PBXTargetDependency */ = {
			isa = PBXTargetDependency;
			target = 82749D0721F0C0CB003BDD8A /* PodTest */;
			targetProxy = 82749D1D21F0C0CC003BDD8A /* PBXContainerItemProxy */;
		};
		82749D2921F0C0CC003BDD8A /* PBXTargetDependency */ = {
			isa = PBXTargetDependency;
			target = 82749D0721F0C0CB003BDD8A /* PodTest */;
			targetProxy = 82749D2821F0C0CC003BDD8A /* PBXContainerItemProxy */;
		};
/* End PBXTargetDependency section */

/* Begin PBXVariantGroup section */
		82749D0F21F0C0CB003BDD8A /* Main.storyboard */ = {
			isa = PBXVariantGroup;
			children = (
				82749D1021F0C0CB003BDD8A /* Base */,
			);
			name = Main.storyboard;
			sourceTree = "<group>";
		};
		82749D1421F0C0CC003BDD8A /* LaunchScreen.storyboard */ = {
			isa = PBXVariantGroup;
			children = (
				82749D1521F0C0CC003BDD8A /* Base */,
			);
			name = LaunchScreen.storyboard;
			sourceTree = "<group>";
		};
/* End PBXVariantGroup section */

/* Begin XCBuildConfiguration section */
		82749D2E21F0C0CC003BDD8A /* Debug */ = {
			isa = XCBuildConfiguration;
			buildSettings = {
				ALWAYS_SEARCH_USER_PATHS = NO;
				CLANG_ANALYZER_NONNULL = YES;
				CLANG_ANALYZER_NUMBER_OBJECT_CONVERSION = YES_AGGRESSIVE;
				CLANG_CXX_LANGUAGE_STANDARD = "gnu++14";
				CLANG_CXX_LIBRARY = "libc++";
				CLANG_ENABLE_MODULES = YES;
				CLANG_ENABLE_OBJC_ARC = YES;
				CLANG_ENABLE_OBJC_WEAK = YES;
				CLANG_WARN_BLOCK_CAPTURE_AUTORELEASING = YES;
				CLANG_WARN_BOOL_CONVERSION = YES;
				CLANG_WARN_COMMA = YES;
				CLANG_WARN_CONSTANT_CONVERSION = YES;
				CLANG_WARN_DEPRECATED_OBJC_IMPLEMENTATIONS = YES;
				CLANG_WARN_DIRECT_OBJC_ISA_USAGE = YES_ERROR;
				CLANG_WARN_DOCUMENTATION_COMMENTS = YES;
				CLANG_WARN_EMPTY_BODY = YES;
				CLANG_WARN_ENUM_CONVERSION = YES;
				CLANG_WARN_INFINITE_RECURSION = YES;
				CLANG_WARN_INT_CONVERSION = YES;
				CLANG_WARN_NON_LITERAL_NULL_CONVERSION = YES;
				CLANG_WARN_OBJC_IMPLICIT_RETAIN_SELF = YES;
				CLANG_WARN_OBJC_LITERAL_CONVERSION = YES;
				CLANG_WARN_OBJC_ROOT_CLASS = YES_ERROR;
				CLANG_WARN_RANGE_LOOP_ANALYSIS = YES;
				CLANG_WARN_STRICT_PROTOTYPES = YES;
				CLANG_WARN_SUSPICIOUS_MOVE = YES;
				CLANG_WARN_UNGUARDED_AVAILABILITY = YES_AGGRESSIVE;
				CLANG_WARN_UNREACHABLE_CODE = YES;
				CLANG_WARN__DUPLICATE_METHOD_MATCH = YES;
				CODE_SIGN_IDENTITY = "iPhone Developer";
				COPY_PHASE_STRIP = NO;
				DEBUG_INFORMATION_FORMAT = dwarf;
				ENABLE_STRICT_OBJC_MSGSEND = YES;
				ENABLE_TESTABILITY = YES;
				GCC_C_LANGUAGE_STANDARD = gnu11;
				GCC_DYNAMIC_NO_PIC = NO;
				GCC_NO_COMMON_BLOCKS = YES;
				GCC_OPTIMIZATION_LEVEL = 0;
				GCC_PREPROCESSOR_DEFINITIONS = (
					"DEBUG=1",
					"$(inherited)",
				);
				GCC_WARN_64_TO_32_BIT_CONVERSION = YES;
				GCC_WARN_ABOUT_RETURN_TYPE = YES_ERROR;
				GCC_WARN_UNDECLARED_SELECTOR = YES;
				GCC_WARN_UNINITIALIZED_AUTOS = YES_AGGRESSIVE;
				GCC_WARN_UNUSED_FUNCTION = YES;
				GCC_WARN_UNUSED_VARIABLE = YES;
				IPHONEOS_DEPLOYMENT_TARGET = 12.1;
				MTL_ENABLE_DEBUG_INFO = INCLUDE_SOURCE;
				MTL_FAST_MATH = YES;
				ONLY_ACTIVE_ARCH = YES;
				SDKROOT = iphoneos;
				SWIFT_ACTIVE_COMPILATION_CONDITIONS = DEBUG;
				SWIFT_OPTIMIZATION_LEVEL = "-Onone";
			};
			name = Debug;
		};
		82749D2F21F0C0CC003BDD8A /* Release */ = {
			isa = XCBuildConfiguration;
			buildSettings = {
				ALWAYS_SEARCH_USER_PATHS = NO;
				CLANG_ANALYZER_NONNULL = YES;
				CLANG_ANALYZER_NUMBER_OBJECT_CONVERSION = YES_AGGRESSIVE;
				CLANG_CXX_LANGUAGE_STANDARD = "gnu++14";
				CLANG_CXX_LIBRARY = "libc++";
				CLANG_ENABLE_MODULES = YES;
				CLANG_ENABLE_OBJC_ARC = YES;
				CLANG_ENABLE_OBJC_WEAK = YES;
				CLANG_WARN_BLOCK_CAPTURE_AUTORELEASING = YES;
				CLANG_WARN_BOOL_CONVERSION = YES;
				CLANG_WARN_COMMA = YES;
				CLANG_WARN_CONSTANT_CONVERSION = YES;
				CLANG_WARN_DEPRECATED_OBJC_IMPLEMENTATIONS = YES;
				CLANG_WARN_DIRECT_OBJC_ISA_USAGE = YES_ERROR;
				CLANG_WARN_DOCUMENTATION_COMMENTS = YES;
				CLANG_WARN_EMPTY_BODY = YES;
				CLANG_WARN_ENUM_CONVERSION = YES;
				CLANG_WARN_INFINITE_RECURSION = YES;
				CLANG_WARN_INT_CONVERSION = YES;
				CLANG_WARN_NON_LITERAL_NULL_CONVERSION = YES;
				CLANG_WARN_OBJC_IMPLICIT_RETAIN_SELF = YES;
				CLANG_WARN_OBJC_LITERAL_CONVERSION = YES;
				CLANG_WARN_OBJC_ROOT_CLASS = YES_ERROR;
				CLANG_WARN_RANGE_LOOP_ANALYSIS = YES;
				CLANG_WARN_STRICT_PROTOTYPES = YES;
				CLANG_WARN_SUSPICIOUS_MOVE = YES;
				CLANG_WARN_UNGUARDED_AVAILABILITY = YES_AGGRESSIVE;
				CLANG_WARN_UNREACHABLE_CODE = YES;
				CLANG_WARN__DUPLICATE_METHOD_MATCH = YES;
				CODE_SIGN_IDENTITY = "iPhone Developer";
				COPY_PHASE_STRIP = NO;
				DEBUG_INFORMATION_FORMAT = "dwarf-with-dsym";
				ENABLE_NS_ASSERTIONS = NO;
				ENABLE_STRICT_OBJC_MSGSEND = YES;
				GCC_C_LANGUAGE_STANDARD = gnu11;
				GCC_NO_COMMON_BLOCKS = YES;
				GCC_WARN_64_TO_32_BIT_CONVERSION = YES;
				GCC_WARN_ABOUT_RETURN_TYPE = YES_ERROR;
				GCC_WARN_UNDECLARED_SELECTOR = YES;
				GCC_WARN_UNINITIALIZED_AUTOS = YES_AGGRESSIVE;
				GCC_WARN_UNUSED_FUNCTION = YES;
				GCC_WARN_UNUSED_VARIABLE = YES;
				IPHONEOS_DEPLOYMENT_TARGET = 12.1;
				MTL_ENABLE_DEBUG_INFO = NO;
				MTL_FAST_MATH = YES;
				SDKROOT = iphoneos;
				SWIFT_COMPILATION_MODE = wholemodule;
				SWIFT_OPTIMIZATION_LEVEL = "-O";
				VALIDATE_PRODUCT = YES;
			};
			name = Release;
		};
		82749D3121F0C0CC003BDD8A /* Debug */ = {
			isa = XCBuildConfiguration;
			buildSettings = {
				ASSETCATALOG_COMPILER_APPICON_NAME = AppIcon;
				CODE_SIGN_STYLE = Automatic;
				INFOPLIST_FILE = PodTest/Info.plist;
				LD_RUNPATH_SEARCH_PATHS = (
					"$(inherited)",
					"@executable_path/Frameworks",
				);
				PRODUCT_BUNDLE_IDENTIFIER = com.sundblom.PodTest;
				PRODUCT_NAME = "$(TARGET_NAME)";
				SWIFT_VERSION = 4.2;
				TARGETED_DEVICE_FAMILY = "1,2";
			};
			name = Debug;
		};
		82749D3221F0C0CC003BDD8A /* Release */ = {
			isa = XCBuildConfiguration;
			buildSettings = {
				ASSETCATALOG_COMPILER_APPICON_NAME = AppIcon;
				CODE_SIGN_STYLE = Automatic;
				INFOPLIST_FILE = PodTest/Info.plist;
				LD_RUNPATH_SEARCH_PATHS = (
					"$(inherited)",
					"@executable_path/Frameworks",
				);
				PRODUCT_BUNDLE_IDENTIFIER = com.sundblom.PodTest;
				PRODUCT_NAME = "$(TARGET_NAME)";
				SWIFT_VERSION = 4.2;
				TARGETED_DEVICE_FAMILY = "1,2";
			};
			name = Release;
		};
		82749D3421F0C0CC003BDD8A /* Debug */ = {
			isa = XCBuildConfiguration;
			buildSettings = {
				ALWAYS_EMBED_SWIFT_STANDARD_LIBRARIES = YES;
				BUNDLE_LOADER = "$(TEST_HOST)";
				CODE_SIGN_STYLE = Automatic;
				INFOPLIST_FILE = PodTestTests/Info.plist;
				LD_RUNPATH_SEARCH_PATHS = (
					"$(inherited)",
					"@executable_path/Frameworks",
					"@loader_path/Frameworks",
				);
				PRODUCT_BUNDLE_IDENTIFIER = com.sundblom.PodTestTests;
				PRODUCT_NAME = "$(TARGET_NAME)";
				SWIFT_VERSION = 4.2;
				TARGETED_DEVICE_FAMILY = "1,2";
				TEST_HOST = "$(BUILT_PRODUCTS_DIR)/PodTest.app/PodTest";
			};
			name = Debug;
		};
		82749D3521F0C0CC003BDD8A /* Release */ = {
			isa = XCBuildConfiguration;
			buildSettings = {
				ALWAYS_EMBED_SWIFT_STANDARD_LIBRARIES = YES;
				BUNDLE_LOADER = "$(TEST_HOST)";
				CODE_SIGN_STYLE = Automatic;
				INFOPLIST_FILE = PodTestTests/Info.plist;
				LD_RUNPATH_SEARCH_PATHS = (
					"$(inherited)",
					"@executable_path/Frameworks",
					"@loader_path/Frameworks",
				);
				PRODUCT_BUNDLE_IDENTIFIER = com.sundblom.PodTestTests;
				PRODUCT_NAME = "$(TARGET_NAME)";
				SWIFT_VERSION = 4.2;
				TARGETED_DEVICE_FAMILY = "1,2";
				TEST_HOST = "$(BUILT_PRODUCTS_DIR)/PodTest.app/PodTest";
			};
			name = Release;
		};
		82749D3721F0C0CC003BDD8A /* Debug */ = {
			isa = XCBuildConfiguration;
			buildSettings = {
				ALWAYS_EMBED_SWIFT_STANDARD_LIBRARIES = YES;
				CODE_SIGN_STYLE = Automatic;
				INFOPLIST_FILE = PodTestUITests/Info.plist;
				LD_RUNPATH_SEARCH_PATHS = (
					"$(inherited)",
					"@executable_path/Frameworks",
					"@loader_path/Frameworks",
				);
				PRODUCT_BUNDLE_IDENTIFIER = com.sundblom.PodTestUITests;
				PRODUCT_NAME = "$(TARGET_NAME)";
				SWIFT_VERSION = 4.2;
				TARGETED_DEVICE_FAMILY = "1,2";
				TEST_TARGET_NAME = PodTest;
			};
			name = Debug;
		};
		82749D3821F0C0CC003BDD8A /* Release */ = {
			isa = XCBuildConfiguration;
			buildSettings = {
				ALWAYS_EMBED_SWIFT_STANDARD_LIBRARIES = YES;
				CODE_SIGN_STYLE = Automatic;
				INFOPLIST_FILE = PodTestUITests/Info.plist;
				LD_RUNPATH_SEARCH_PATHS = (
					"$(inherited)",
					"@executable_path/Frameworks",
					"@loader_path/Frameworks",
				);
				PRODUCT_BUNDLE_IDENTIFIER = com.sundblom.PodTestUITests;
				PRODUCT_NAME = "$(TARGET_NAME)";
				SWIFT_VERSION = 4.2;
				TARGETED_DEVICE_FAMILY = "1,2";
				TEST_TARGET_NAME = PodTest;
			};
			name = Release;
		};
/* End XCBuildConfiguration section */

/* Begin XCConfigurationList section */
		82749D0321F0C0CB003BDD8A /* Build configuration list for PBXProject "PodTest" */ = {
			isa = XCConfigurationList;
			buildConfigurations = (
				82749D2E21F0C0CC003BDD8A /* Debug */,
				82749D2F21F0C0CC003BDD8A /* Release */,
			);
			defaultConfigurationIsVisible = 0;
			defaultConfigurationName = Release;
		};
		82749D3021F0C0CC003BDD8A /* Build configuration list for PBXNativeTarget "PodTest" */ = {
			isa = XCConfigurationList;
			buildConfigurations = (
				82749D3121F0C0CC003BDD8A /* Debug */,
				82749D3221F0C0CC003BDD8A /* Release */,
			);
			defaultConfigurationIsVisible = 0;
			defaultConfigurationName = Release;
		};
		82749D3321F0C0CC003BDD8A /* Build configuration list for PBXNativeTarget "PodTestTests" */ = {
			isa = XCConfigurationList;
			buildConfigurations = (
				82749D3421F0C0CC003BDD8A /* Debug */,
				82749D3521F0C0CC003BDD8A /* Release */,
			);
			defaultConfigurationIsVisible = 0;
			defaultConfigurationName = Release;
		};
		82749D3621F0C0CC003BDD8A /* Build configuration list for PBXNativeTarget "PodTestUITests" */ = {
			isa = XCConfigurationList;
			buildConfigurations = (
				82749D3721F0C0CC003BDD8A /* Debug */,
				82749D3821F0C0CC003BDD8A /* Release */,
			);
			defaultConfigurationIsVisible = 0;
			defaultConfigurationName = Release;
		};
/* End XCConfigurationList section */
	};
	rootObject = 82749D0021F0C0CB003BDD8A /* Project object */;
}
